
Microsoft Visual Studio Solution File, Format Version 12.00
# Visual Studio Version 17
VisualStudioVersion = 17.8.34525.116
MinimumVisualStudioVersion = 10.0.40219.1
Project("{9A19103F-16F7-4668-BE54-9A1E7A4F7556}") = "Demopdftoimage", "pdftoimage\Demopdftoimage.csproj", "{1B7B4B78-6229-4FA3-A67D-DD0A1118F2A9}"
EndProject
Global
	GlobalSection(SolutionConfigurationPlatforms) = preSolution
		Debug|Any CPU = Debug|Any CPU
		Release|Any CPU = Release|Any CPU
	EndGlobalSection
	GlobalSection(ProjectConfigurationPlatforms) = postSolution
		{1B7B4B78-6229-4FA3-A67D-DD0A1118F2A9}.Debug|Any CPU.ActiveCfg = Debug|Any CPU
		{1B7B4B78-6229-4FA3-A67D-DD0A1118F2A9}.Debug|Any CPU.Build.0 = Debug|Any CPU
		{1B7B4B78-6229-4FA3-A67D-DD0A1118F2A9}.Release|Any CPU.ActiveCfg = Release|Any CPU
		{1B7B4B78-6229-4FA3-A67D-DD0A1118F2A9}.Release|Any CPU.Build.0 = Release|Any CPU
	EndGlobalSection
	GlobalSection(SolutionProperties) = preSolution
		HideSolutionNode = FALSE
	EndGlobalSection
	GlobalSection(ExtensibilityGlobals) = postSolution
		SolutionGuid = {62B2F8E8-6099-4D98-A370-4942DAAB9801}
	EndGlobalSection
EndGlobal
